
Microsoft Visual Studio Solution File, Format Version 12.00
# Visual Studio Version 17
VisualStudioVersion = 17.11.35208.52
MinimumVisualStudioVersion = 10.0.40219.1
Project("{FAE04EC0-301F-11D3-BF4B-00C04F79EFBC}") = "MVCBooking", "MVCBooking\MVCBooking.csproj", "{DD8ECFB0-1B2B-472B-9F1B-23FE3AFDF62E}"
EndProject
Global
	GlobalSection(SolutionConfigurationPlatforms) = preSolution
		Debug|Any CPU = Debug|Any CPU
		Release|Any CPU = Release|Any CPU
	EndGlobalSection
	GlobalSection(ProjectConfigurationPlatforms) = postSolution
		{DD8ECFB0-1B2B-472B-9F1B-23FE3AFDF62E}.Debug|Any CPU.ActiveCfg = Debug|Any CPU
		{DD8ECFB0-1B2B-472B-9F1B-23FE3AFDF62E}.Debug|Any CPU.Build.0 = Debug|Any CPU
		{DD8ECFB0-1B2B-472B-9F1B-23FE3AFDF62E}.Release|Any CPU.ActiveCfg = Release|Any CPU
		{DD8ECFB0-1B2B-472B-9F1B-23FE3AFDF62E}.Release|Any CPU.Build.0 = Release|Any CPU
	EndGlobalSection
	GlobalSection(SolutionProperties) = preSolution
		HideSolutionNode = FALSE
	EndGlobalSection
	GlobalSection(ExtensibilityGlobals) = postSolution
		SolutionGuid = {54003B85-80BD-4B54-8AA5-62FFAF31A776}
	EndGlobalSection
EndGlobal
